sid: 2fffbf4b
path: crematorium.charge.lock
aliases:
  short: charge.lock
kind: logical
unit: "-"
encodings:
  - bool
  - u8
sensitivity: public
status: stable
title:
  ru: Загрузка заблокирована
  en: Charge locked
fingerprint: sha256:2fffbf4b81c93850d8eb6a498504d80cba67c55a20e08bf650c2c8a58ba5e3ce
