sid: 0dd70f99
path: engine_dyno.interlock
aliases:
  short: engine_dyno.interlock
kind: logical
unit: "-"
encodings:
  - bool
  - u8
sensitivity: public
status: stable
title:
  ru: Блокировка безопасности
  en: Safety interlock
fingerprint: sha256:0dd70f9979ee481cd6df5e0d13f96da83b5331bfe83e525e55dcc0956aaeccbd
