sid: db7415ec
path: industrial.safety.door_interlock
aliases:
  short: safety.door_interlock
kind: logical
unit: "-"
encodings:
  - bool
  - u8
sensitivity: public
status: stable
title:
  ru: Блокировка двери
  en: Door interlock open
fingerprint: sha256:db7415ec3141b2831ce4fc1b855eed527ad0a4a267d5d38eae2aa1952a5a6c50
