sid: 75f330e4
path: nbi_fu.interlock
aliases:
  short: nbi_fu.interlock
kind: logical
unit: "-"
encodings:
  - bool
  - u8
sensitivity: public
status: stable
title:
  ru: Срабатывание блокировки
  en: Interlock trip
fingerprint: sha256:75f330e435835ba34f24a4688f1335225e2f3e5d67ba8ec23893e4a2741beb8c
