sid: 120d1612
path: pharma_mfg.cleanroom.door_interlock
aliases:
  short: cleanroom.door_interlock
kind: logical
unit: "-"
encodings:
  - bool
  - u8
sensitivity: public
status: stable
title:
  ru: Блокировка двери чистой зоны
  en: Cleanroom door interlock
fingerprint: sha256:120d16128db8b5df78f5bcf63ffb982cc12de57f9fb4e091c4d6df68e6388caf
