sid: 4d2505fc
path: refuel_np.interlock
aliases:
  short: refuel_np.interlock
kind: logical
unit: "-"
encodings:
  - bool
  - u8
sensitivity: public
status: stable
title:
  ru: Блокировки сняты
  en: Interlock clear
fingerprint: sha256:4d2505fcf6373359e4df457747bf2ff793be3efa11495dd5d19100921c3d3b31
