sid: 3ea9ffe6
path: smarthome.lock
aliases:
  short: smarthome.lock
kind: command
unit: "-"
encodings:
  - enum
  - utf8
sensitivity: public
status: stable
title:
  ru: Команда замка
  en: Lock command
fingerprint: sha256:3ea9ffe632065e9c116d14766c9aa198850e3ca83a8551fa17012fb9da09cfe1
enumValues:
  - lock
  - unlock
