sid: a4d0a6fa
path: valve_hall.interlock
aliases:
  short: valve_hall.interlock
kind: logical
unit: "-"
encodings:
  - bool
  - u8
sensitivity: public
status: stable
title:
  ru: Блокировка доступа OK
  en: Access interlock OK
fingerprint: sha256:a4d0a6fa969e17ab2c17a58e8987fffae305ad69f928b00b6f5b11beec446878
